
Microsoft Visual Studio Solution File, Format Version 12.00
# Visual Studio 2012
Project("{FAE04EC0-301F-11D3-BF4B-00C04F79EFBC}") = "ManagerSystem", "ManagerSystem\ManagerSystem.csproj", "{DF48A3F2-B134-4C3E-937A-3269EF8E0FAD}"
EndProject
Project("{FAE04EC0-301F-11D3-BF4B-00C04F79EFBC}") = "AdminManager", "AdminManager\AdminManager.csproj", "{67A7AC83-2090-4263-9D16-1804BB9D5605}"
EndProject
Global
	GlobalSection(SolutionConfigurationPlatforms) = preSolution
		Debug|Any CPU = Debug|Any CPU
		Release|Any CPU = Release|Any CPU
	EndGlobalSection
	GlobalSection(ProjectConfigurationPlatforms) = postSolution
		{DF48A3F2-B134-4C3E-937A-3269EF8E0FAD}.Debug|Any CPU.ActiveCfg = Debug|Any CPU
		{DF48A3F2-B134-4C3E-937A-3269EF8E0FAD}.Debug|Any CPU.Build.0 = Debug|Any CPU
		{DF48A3F2-B134-4C3E-937A-3269EF8E0FAD}.Release|Any CPU.ActiveCfg = Release|Any CPU
		{DF48A3F2-B134-4C3E-937A-3269EF8E0FAD}.Release|Any CPU.Build.0 = Release|Any CPU
		{67A7AC83-2090-4263-9D16-1804BB9D5605}.Debug|Any CPU.ActiveCfg = Debug|Any CPU
		{67A7AC83-2090-4263-9D16-1804BB9D5605}.Debug|Any CPU.Build.0 = Debug|Any CPU
		{67A7AC83-2090-4263-9D16-1804BB9D5605}.Release|Any CPU.ActiveCfg = Release|Any CPU
		{67A7AC83-2090-4263-9D16-1804BB9D5605}.Release|Any CPU.Build.0 = Release|Any CPU
	EndGlobalSection
	GlobalSection(SolutionProperties) = preSolution
		HideSolutionNode = FALSE
	EndGlobalSection
EndGlobal
